
Microsoft Visual Studio Solution File, Format Version 12.00
# Visual Studio Version 17
VisualStudioVersion = 17.13.35931.197 d17.13
MinimumVisualStudioVersion = 10.0.40219.1
Project("{FAE04EC0-301F-11D3-BF4B-00C04F79EFBC}") = "Domain", "Domain\Domain.csproj", "{2D646EE7-D71A-4990-A7E4-2DB9F7562D77}"
EndProject
Project("{FAE04EC0-301F-11D3-BF4B-00C04F79EFBC}") = "Application", "Application\Application.csproj", "{D720F492-58B3-41CF-BFFF-82FCDE34D747}"
EndProject
Project("{FAE04EC0-301F-11D3-BF4B-00C04F79EFBC}") = "Infrastructure", "Infrastructure\Infrastructure.csproj", "{F5E92A20-F101-48B4-A683-8B500C309025}"
EndProject
Project("{FAE04EC0-301F-11D3-BF4B-00C04F79EFBC}") = "API", "API\API.csproj", "{BE76A311-9B1F-458C-86DF-3BDC5771661C}"
EndProject
Global
	GlobalSection(SolutionConfigurationPlatforms) = preSolution
		Debug|Any CPU = Debug|Any CPU
		Release|Any CPU = Release|Any CPU
	EndGlobalSection
	GlobalSection(ProjectConfigurationPlatforms) = postSolution
		{2D646EE7-D71A-4990-A7E4-2DB9F7562D77}.Debug|Any CPU.ActiveCfg = Debug|Any CPU
		{2D646EE7-D71A-4990-A7E4-2DB9F7562D77}.Debug|Any CPU.Build.0 = Debug|Any CPU
		{2D646EE7-D71A-4990-A7E4-2DB9F7562D77}.Release|Any CPU.ActiveCfg = Release|Any CPU
		{2D646EE7-D71A-4990-A7E4-2DB9F7562D77}.Release|Any CPU.Build.0 = Release|Any CPU
		{D720F492-58B3-41CF-BFFF-82FCDE34D747}.Debug|Any CPU.ActiveCfg = Debug|Any CPU
		{D720F492-58B3-41CF-BFFF-82FCDE34D747}.Debug|Any CPU.Build.0 = Debug|Any CPU
		{D720F492-58B3-41CF-BFFF-82FCDE34D747}.Release|Any CPU.ActiveCfg = Release|Any CPU
		{D720F492-58B3-41CF-BFFF-82FCDE34D747}.Release|Any CPU.Build.0 = Release|Any CPU
		{F5E92A20-F101-48B4-A683-8B500C309025}.Debug|Any CPU.ActiveCfg = Debug|Any CPU
		{F5E92A20-F101-48B4-A683-8B500C309025}.Debug|Any CPU.Build.0 = Debug|Any CPU
		{F5E92A20-F101-48B4-A683-8B500C309025}.Release|Any CPU.ActiveCfg = Release|Any CPU
		{F5E92A20-F101-48B4-A683-8B500C309025}.Release|Any CPU.Build.0 = Release|Any CPU
		{BE76A311-9B1F-458C-86DF-3BDC5771661C}.Debug|Any CPU.ActiveCfg = Debug|Any CPU
		{BE76A311-9B1F-458C-86DF-3BDC5771661C}.Debug|Any CPU.Build.0 = Debug|Any CPU
		{BE76A311-9B1F-458C-86DF-3BDC5771661C}.Release|Any CPU.ActiveCfg = Release|Any CPU
		{BE76A311-9B1F-458C-86DF-3BDC5771661C}.Release|Any CPU.Build.0 = Release|Any CPU
	EndGlobalSection
	GlobalSection(SolutionProperties) = preSolution
		HideSolutionNode = FALSE
	EndGlobalSection
	GlobalSection(ExtensibilityGlobals) = postSolution
		SolutionGuid = {576F0133-84A0-4D8C-A9C7-033EBBEC0147}
	EndGlobalSection
EndGlobal
